
Microsoft Visual Studio Solution File, Format Version 12.00
# Visual Studio Version 17
VisualStudioVersion = 17.1.32421.90
MinimumVisualStudioVersion = 10.0.40219.1
Project("{9A19103F-16F7-4668-BE54-9A1E7A4F7556}") = "Tasking.Management.Domain", "src\Tasking.Management.Domain\Tasking.Management.Domain.csproj", "{8B6CE67A-A6A5-4ED8-8EEA-A64C416253F1}"
EndProject
Project("{9A19103F-16F7-4668-BE54-9A1E7A4F7556}") = "Tasking.Management.Infrastructure", "src\Tasking.Management.Infrastructure\Tasking.Management.Infrastructure.csproj", "{7741ECA8-A7A5-473B-9CCB-188D6B4722F3}"
EndProject
Project("{9A19103F-16F7-4668-BE54-9A1E7A4F7556}") = "Tasking.Management.Application", "src\Tasking.Management.Application\Tasking.Management.Application.csproj", "{1A51EA70-06E8-46FB-B78B-472743490248}"
EndProject
Project("{9A19103F-16F7-4668-BE54-9A1E7A4F7556}") = "Tasking.Management.Tests", "tests\Tasking.Management.Tests\Tasking.Management.Tests.csproj", "{FFE9D52A-CD51-4AF1-8562-19D8F1B4EACB}"
EndProject
Project("{9A19103F-16F7-4668-BE54-9A1E7A4F7556}") = "Tasking.Management.API", "src\Tasking.Management.API\Tasking.Management.API.csproj", "{A4E0FBBC-2649-4C54-984E-62310F41073F}"
EndProject
Global
	GlobalSection(SolutionConfigurationPlatforms) = preSolution
		Debug|Any CPU = Debug|Any CPU
		Release|Any CPU = Release|Any CPU
	EndGlobalSection
	GlobalSection(ProjectConfigurationPlatforms) = postSolution
		{8B6CE67A-A6A5-4ED8-8EEA-A64C416253F1}.Debug|Any CPU.ActiveCfg = Debug|Any CPU
		{8B6CE67A-A6A5-4ED8-8EEA-A64C416253F1}.Debug|Any CPU.Build.0 = Debug|Any CPU
		{8B6CE67A-A6A5-4ED8-8EEA-A64C416253F1}.Release|Any CPU.ActiveCfg = Release|Any CPU
		{8B6CE67A-A6A5-4ED8-8EEA-A64C416253F1}.Release|Any CPU.Build.0 = Release|Any CPU
		{7741ECA8-A7A5-473B-9CCB-188D6B4722F3}.Debug|Any CPU.ActiveCfg = Debug|Any CPU
		{7741ECA8-A7A5-473B-9CCB-188D6B4722F3}.Debug|Any CPU.Build.0 = Debug|Any CPU
		{7741ECA8-A7A5-473B-9CCB-188D6B4722F3}.Release|Any CPU.ActiveCfg = Release|Any CPU
		{7741ECA8-A7A5-473B-9CCB-188D6B4722F3}.Release|Any CPU.Build.0 = Release|Any CPU
		{1A51EA70-06E8-46FB-B78B-472743490248}.Debug|Any CPU.ActiveCfg = Debug|Any CPU
		{1A51EA70-06E8-46FB-B78B-472743490248}.Debug|Any CPU.Build.0 = Debug|Any CPU
		{1A51EA70-06E8-46FB-B78B-472743490248}.Release|Any CPU.ActiveCfg = Release|Any CPU
		{1A51EA70-06E8-46FB-B78B-472743490248}.Release|Any CPU.Build.0 = Release|Any CPU
		{FFE9D52A-CD51-4AF1-8562-19D8F1B4EACB}.Debug|Any CPU.ActiveCfg = Debug|Any CPU
		{FFE9D52A-CD51-4AF1-8562-19D8F1B4EACB}.Debug|Any CPU.Build.0 = Debug|Any CPU
		{FFE9D52A-CD51-4AF1-8562-19D8F1B4EACB}.Release|Any CPU.ActiveCfg = Release|Any CPU
		{FFE9D52A-CD51-4AF1-8562-19D8F1B4EACB}.Release|Any CPU.Build.0 = Release|Any CPU
		{A4E0FBBC-2649-4C54-984E-62310F41073F}.Debug|Any CPU.ActiveCfg = Debug|Any CPU
		{A4E0FBBC-2649-4C54-984E-62310F41073F}.Debug|Any CPU.Build.0 = Debug|Any CPU
		{A4E0FBBC-2649-4C54-984E-62310F41073F}.Release|Any CPU.ActiveCfg = Release|Any CPU
		{A4E0FBBC-2649-4C54-984E-62310F41073F}.Release|Any CPU.Build.0 = Release|Any CPU
	EndGlobalSection
	GlobalSection(SolutionProperties) = preSolution
		HideSolutionNode = FALSE
	EndGlobalSection
	GlobalSection(ExtensibilityGlobals) = postSolution
		SolutionGuid = {4E86BEDA-8CD9-49EB-B2DC-9EBB18911D5D}
	EndGlobalSection
EndGlobal
